
Microsoft Visual Studio Solution File, Format Version 12.00
# Visual Studio Version 16
VisualStudioVersion = 16.0.30709.132
MinimumVisualStudioVersion = 10.0.40219.1
Project("{9A19103F-16F7-4668-BE54-9A1E7A4F7556}") = "Learning.NetCoreApi", "Learning.NetCoreApi\Learning.NetCoreApi.csproj", "{2D5B30FD-269C-4DED-B903-5459B6CD5D9F}"
EndProject
Project("{FAE04EC0-301F-11D3-BF4B-00C04F79EFBC}") = "Learning.Mvc", "Learning.Mvc\Learning.Mvc.csproj", "{F3F04655-BDC7-488F-B37C-ECCF168FC422}"
EndProject
Project("{FAE04EC0-301F-11D3-BF4B-00C04F79EFBC}") = "Learning.Common", "Learning.Common\Learning.Common.csproj", "{905360B5-A2A7-4882-9FCA-1F866084EFEA}"
EndProject
Project("{FAE04EC0-301F-11D3-BF4B-00C04F79EFBC}") = "Learning.Test", "Learning.Test\Learning.Test.csproj", "{043D541F-BAD4-457A-AECE-7276EE870F01}"
EndProject
Project("{FAE04EC0-301F-11D3-BF4B-00C04F79EFBC}") = "CommonUnitTest", "CommonUnitTest\CommonUnitTest.csproj", "{8CB04D5E-98C7-4B4E-8878-7EF8433C1E18}"
EndProject
Project("{FAE04EC0-301F-11D3-BF4B-00C04F79EFBC}") = "AspNetIdentityDemo", "AspNetIdentityDemo\AspNetIdentityDemo.csproj", "{96D62DBA-7D65-4A3B-879F-99F267DCF928}"
EndProject
Project("{2150E333-8FDC-42A3-9474-1A3956D46DE8}") = "Solution Items", "Solution Items", "{DEBC060D-FFAC-4B16-B39F-8230F241BC71}"
	ProjectSection(SolutionItems) = preProject
		TextFile1.txt = TextFile1.txt
		tsql.sql = tsql.sql
	EndProjectSection
EndProject
Global
	GlobalSection(SolutionConfigurationPlatforms) = preSolution
		Debug|Any CPU = Debug|Any CPU
		Release|Any CPU = Release|Any CPU
	EndGlobalSection
	GlobalSection(ProjectConfigurationPlatforms) = postSolution
		{2D5B30FD-269C-4DED-B903-5459B6CD5D9F}.Debug|Any CPU.ActiveCfg = Debug|Any CPU
		{2D5B30FD-269C-4DED-B903-5459B6CD5D9F}.Debug|Any CPU.Build.0 = Debug|Any CPU
		{2D5B30FD-269C-4DED-B903-5459B6CD5D9F}.Release|Any CPU.ActiveCfg = Release|Any CPU
		{2D5B30FD-269C-4DED-B903-5459B6CD5D9F}.Release|Any CPU.Build.0 = Release|Any CPU
		{F3F04655-BDC7-488F-B37C-ECCF168FC422}.Debug|Any CPU.ActiveCfg = Debug|Any CPU
		{F3F04655-BDC7-488F-B37C-ECCF168FC422}.Debug|Any CPU.Build.0 = Debug|Any CPU
		{F3F04655-BDC7-488F-B37C-ECCF168FC422}.Release|Any CPU.ActiveCfg = Release|Any CPU
		{F3F04655-BDC7-488F-B37C-ECCF168FC422}.Release|Any CPU.Build.0 = Release|Any CPU
		{905360B5-A2A7-4882-9FCA-1F866084EFEA}.Debug|Any CPU.ActiveCfg = Debug|Any CPU
		{905360B5-A2A7-4882-9FCA-1F866084EFEA}.Debug|Any CPU.Build.0 = Debug|Any CPU
		{905360B5-A2A7-4882-9FCA-1F866084EFEA}.Release|Any CPU.ActiveCfg = Release|Any CPU
		{905360B5-A2A7-4882-9FCA-1F866084EFEA}.Release|Any CPU.Build.0 = Release|Any CPU
		{043D541F-BAD4-457A-AECE-7276EE870F01}.Debug|Any CPU.ActiveCfg = Debug|Any CPU
		{043D541F-BAD4-457A-AECE-7276EE870F01}.Debug|Any CPU.Build.0 = Debug|Any CPU
		{043D541F-BAD4-457A-AECE-7276EE870F01}.Release|Any CPU.ActiveCfg = Release|Any CPU
		{043D541F-BAD4-457A-AECE-7276EE870F01}.Release|Any CPU.Build.0 = Release|Any CPU
		{8CB04D5E-98C7-4B4E-8878-7EF8433C1E18}.Debug|Any CPU.ActiveCfg = Debug|Any CPU
		{8CB04D5E-98C7-4B4E-8878-7EF8433C1E18}.Debug|Any CPU.Build.0 = Debug|Any CPU
		{8CB04D5E-98C7-4B4E-8878-7EF8433C1E18}.Release|Any CPU.ActiveCfg = Release|Any CPU
		{8CB04D5E-98C7-4B4E-8878-7EF8433C1E18}.Release|Any CPU.Build.0 = Release|Any CPU
		{96D62DBA-7D65-4A3B-879F-99F267DCF928}.Debug|Any CPU.ActiveCfg = Debug|Any CPU
		{96D62DBA-7D65-4A3B-879F-99F267DCF928}.Debug|Any CPU.Build.0 = Debug|Any CPU
		{96D62DBA-7D65-4A3B-879F-99F267DCF928}.Release|Any CPU.ActiveCfg = Release|Any CPU
		{96D62DBA-7D65-4A3B-879F-99F267DCF928}.Release|Any CPU.Build.0 = Release|Any CPU
	EndGlobalSection
	GlobalSection(SolutionProperties) = preSolution
		HideSolutionNode = FALSE
	EndGlobalSection
	GlobalSection(ExtensibilityGlobals) = postSolution
		SolutionGuid = {591AA390-65DE-498B-A0C3-70F4DCAEF033}
	EndGlobalSection
EndGlobal
